
Microsoft Visual Studio Solution File, Format Version 12.00
# Visual Studio 14
VisualStudioVersion = 14.0.25420.1
MinimumVisualStudioVersion = 10.0.40219.1
Project("{8BC9CEB8-8B4A-11D0-8D11-00A0C91BC942}") = "barony_test", "Barony\barony.vcxproj", "{A4A170FF-C081-4F33-94FE-5C60E89C5990}"
EndProject
Project("{8BC9CEB8-8B4A-11D0-8D11-00A0C91BC942}") = "editor", "editor\editor.vcxproj", "{8D0CEB30-DFEC-462D-B107-1EA02D317151}"
EndProject
Global
	GlobalSection(SolutionConfigurationPlatforms) = preSolution
		16Player|Win32 = 16Player|Win32
		16Player|x64 = 16Player|x64
		16Player-Crossplay|Win32 = 16Player-Crossplay|Win32
		16Player-Crossplay|x64 = 16Player-Crossplay|x64
		16Player-EOS|Win32 = 16Player-EOS|Win32
		16Player-EOS|x64 = 16Player-EOS|x64
		Debug|Win32 = Debug|Win32
		Debug|x64 = Debug|x64
		EOS Debug|Win32 = EOS Debug|Win32
		EOS Debug|x64 = EOS Debug|x64
		EOS|Win32 = EOS|Win32
		EOS|x64 = EOS|x64
		NODRM|Win32 = NODRM|Win32
		NODRM|x64 = NODRM|x64
		Release|Win32 = Release|Win32
		Release|x64 = Release|x64
		Steam Crossplay|Win32 = Steam Crossplay|Win32
		Steam Crossplay|x64 = Steam Crossplay|x64
	EndGlobalSection
	GlobalSection(ProjectConfigurationPlatforms) = postSolution
		{A4A170FF-C081-4F33-94FE-5C60E89C5990}.16Player|Win32.ActiveCfg = 16Player-Release|Win32
		{A4A170FF-C081-4F33-94FE-5C60E89C5990}.16Player|Win32.Build.0 = 16Player-Release|Win32
		{A4A170FF-C081-4F33-94FE-5C60E89C5990}.16Player|x64.ActiveCfg = 16Player-Release|x64
		{A4A170FF-C081-4F33-94FE-5C60E89C5990}.16Player|x64.Build.0 = 16Player-Release|x64
		{A4A170FF-C081-4F33-94FE-5C60E89C5990}.16Player-Crossplay|Win32.ActiveCfg = 16-Player Crossplay|Win32
		{A4A170FF-C081-4F33-94FE-5C60E89C5990}.16Player-Crossplay|Win32.Build.0 = 16-Player Crossplay|Win32
		{A4A170FF-C081-4F33-94FE-5C60E89C5990}.16Player-Crossplay|x64.ActiveCfg = 16-Player Crossplay|x64
		{A4A170FF-C081-4F33-94FE-5C60E89C5990}.16Player-Crossplay|x64.Build.0 = 16-Player Crossplay|x64
		{A4A170FF-C081-4F33-94FE-5C60E89C5990}.16Player-EOS|Win32.ActiveCfg = 16Player-EOS|Win32
		{A4A170FF-C081-4F33-94FE-5C60E89C5990}.16Player-EOS|Win32.Build.0 = 16Player-EOS|Win32
		{A4A170FF-C081-4F33-94FE-5C60E89C5990}.16Player-EOS|x64.ActiveCfg = 16Player-EOS|x64
		{A4A170FF-C081-4F33-94FE-5C60E89C5990}.16Player-EOS|x64.Build.0 = 16Player-EOS|x64
		{A4A170FF-C081-4F33-94FE-5C60E89C5990}.Debug|Win32.ActiveCfg = Debug|Win32
		{A4A170FF-C081-4F33-94FE-5C60E89C5990}.Debug|Win32.Build.0 = Debug|Win32
		{A4A170FF-C081-4F33-94FE-5C60E89C5990}.Debug|x64.ActiveCfg = Debug|x64
		{A4A170FF-C081-4F33-94FE-5C60E89C5990}.Debug|x64.Build.0 = Debug|x64
		{A4A170FF-C081-4F33-94FE-5C60E89C5990}.EOS Debug|Win32.ActiveCfg = EOS Debug|Win32
		{A4A170FF-C081-4F33-94FE-5C60E89C5990}.EOS Debug|Win32.Build.0 = EOS Debug|Win32
		{A4A170FF-C081-4F33-94FE-5C60E89C5990}.EOS Debug|x64.ActiveCfg = EOS Debug|x64
		{A4A170FF-C081-4F33-94FE-5C60E89C5990}.EOS Debug|x64.Build.0 = EOS Debug|x64
		{A4A170FF-C081-4F33-94FE-5C60E89C5990}.EOS|Win32.ActiveCfg = EOS|Win32
		{A4A170FF-C081-4F33-94FE-5C60E89C5990}.EOS|Win32.Build.0 = EOS|Win32
		{A4A170FF-C081-4F33-94FE-5C60E89C5990}.EOS|x64.ActiveCfg = EOS|x64
		{A4A170FF-C081-4F33-94FE-5C60E89C5990}.EOS|x64.Build.0 = EOS|x64
		{A4A170FF-C081-4F33-94FE-5C60E89C5990}.NODRM|Win32.ActiveCfg = NODRM|Win32
		{A4A170FF-C081-4F33-94FE-5C60E89C5990}.NODRM|Win32.Build.0 = NODRM|Win32
		{A4A170FF-C081-4F33-94FE-5C60E89C5990}.NODRM|x64.ActiveCfg = NODRM|x64
		{A4A170FF-C081-4F33-94FE-5C60E89C5990}.NODRM|x64.Build.0 = NODRM|x64
		{A4A170FF-C081-4F33-94FE-5C60E89C5990}.Release|Win32.ActiveCfg = Release|Win32
		{A4A170FF-C081-4F33-94FE-5C60E89C5990}.Release|Win32.Build.0 = Release|Win32
		{A4A170FF-C081-4F33-94FE-5C60E89C5990}.Release|x64.ActiveCfg = Release|x64
		{A4A170FF-C081-4F33-94FE-5C60E89C5990}.Release|x64.Build.0 = Release|x64
		{A4A170FF-C081-4F33-94FE-5C60E89C5990}.Steam Crossplay|Win32.ActiveCfg = Steam Crossplay|Win32
		{A4A170FF-C081-4F33-94FE-5C60E89C5990}.Steam Crossplay|Win32.Build.0 = Steam Crossplay|Win32
		{A4A170FF-C081-4F33-94FE-5C60E89C5990}.Steam Crossplay|x64.ActiveCfg = Steam Crossplay|x64
		{A4A170FF-C081-4F33-94FE-5C60E89C5990}.Steam Crossplay|x64.Build.0 = Steam Crossplay|x64
		{8D0CEB30-DFEC-462D-B107-1EA02D317151}.16Player|Win32.ActiveCfg = 16Player-Release|Win32
		{8D0CEB30-DFEC-462D-B107-1EA02D317151}.16Player|Win32.Build.0 = 16Player-Release|Win32
		{8D0CEB30-DFEC-462D-B107-1EA02D317151}.16Player|x64.ActiveCfg = 16Player-Release|x64
		{8D0CEB30-DFEC-462D-B107-1EA02D317151}.16Player|x64.Build.0 = 16Player-Release|x64
		{8D0CEB30-DFEC-462D-B107-1EA02D317151}.16Player-Crossplay|Win32.ActiveCfg = 16-Player Crossplay|Win32
		{8D0CEB30-DFEC-462D-B107-1EA02D317151}.16Player-Crossplay|Win32.Build.0 = 16-Player Crossplay|Win32
		{8D0CEB30-DFEC-462D-B107-1EA02D317151}.16Player-Crossplay|x64.ActiveCfg = 16-Player Crossplay|x64
		{8D0CEB30-DFEC-462D-B107-1EA02D317151}.16Player-Crossplay|x64.Build.0 = 16-Player Crossplay|x64
		{8D0CEB30-DFEC-462D-B107-1EA02D317151}.16Player-EOS|Win32.ActiveCfg = 16Player-EOS|Win32
		{8D0CEB30-DFEC-462D-B107-1EA02D317151}.16Player-EOS|Win32.Build.0 = 16Player-EOS|Win32
		{8D0CEB30-DFEC-462D-B107-1EA02D317151}.16Player-EOS|x64.ActiveCfg = 16Player-EOS|x64
		{8D0CEB30-DFEC-462D-B107-1EA02D317151}.16Player-EOS|x64.Build.0 = 16Player-EOS|x64
		{8D0CEB30-DFEC-462D-B107-1EA02D317151}.Debug|Win32.ActiveCfg = Release|Win32
		{8D0CEB30-DFEC-462D-B107-1EA02D317151}.Debug|Win32.Build.0 = Release|Win32
		{8D0CEB30-DFEC-462D-B107-1EA02D317151}.Debug|x64.ActiveCfg = Debug|x64
		{8D0CEB30-DFEC-462D-B107-1EA02D317151}.Debug|x64.Build.0 = Debug|x64
		{8D0CEB30-DFEC-462D-B107-1EA02D317151}.EOS Debug|Win32.ActiveCfg = EOS Debug|Win32
		{8D0CEB30-DFEC-462D-B107-1EA02D317151}.EOS Debug|x64.ActiveCfg = EOS Debug|x64
		{8D0CEB30-DFEC-462D-B107-1EA02D317151}.EOS Debug|x64.Build.0 = EOS Debug|x64
		{8D0CEB30-DFEC-462D-B107-1EA02D317151}.EOS|Win32.ActiveCfg = EOS|Win32
		{8D0CEB30-DFEC-462D-B107-1EA02D317151}.EOS|Win32.Build.0 = EOS|Win32
		{8D0CEB30-DFEC-462D-B107-1EA02D317151}.EOS|x64.ActiveCfg = EOS|x64
		{8D0CEB30-DFEC-462D-B107-1EA02D317151}.EOS|x64.Build.0 = EOS|x64
		{8D0CEB30-DFEC-462D-B107-1EA02D317151}.NODRM|Win32.ActiveCfg = NODRM|Win32
		{8D0CEB30-DFEC-462D-B107-1EA02D317151}.NODRM|Win32.Build.0 = NODRM|Win32
		{8D0CEB30-DFEC-462D-B107-1EA02D317151}.NODRM|x64.ActiveCfg = NODRM|x64
		{8D0CEB30-DFEC-462D-B107-1EA02D317151}.NODRM|x64.Build.0 = NODRM|x64
		{8D0CEB30-DFEC-462D-B107-1EA02D317151}.Release|Win32.ActiveCfg = Release|Win32
		{8D0CEB30-DFEC-462D-B107-1EA02D317151}.Release|Win32.Build.0 = Release|Win32
		{8D0CEB30-DFEC-462D-B107-1EA02D317151}.Release|x64.ActiveCfg = Release|x64
		{8D0CEB30-DFEC-462D-B107-1EA02D317151}.Release|x64.Build.0 = Release|x64
		{8D0CEB30-DFEC-462D-B107-1EA02D317151}.Steam Crossplay|Win32.ActiveCfg = Steam Crossplay|Win32
		{8D0CEB30-DFEC-462D-B107-1EA02D317151}.Steam Crossplay|Win32.Build.0 = Steam Crossplay|Win32
		{8D0CEB30-DFEC-462D-B107-1EA02D317151}.Steam Crossplay|x64.ActiveCfg = Steam Crossplay|x64
		{8D0CEB30-DFEC-462D-B107-1EA02D317151}.Steam Crossplay|x64.Build.0 = Steam Crossplay|x64
	EndGlobalSection
	GlobalSection(SolutionProperties) = preSolution
		HideSolutionNode = FALSE
	EndGlobalSection
EndGlobal
