
Microsoft Visual Studio Solution File, Format Version 12.00
# Visual Studio 14
VisualStudioVersion = 14.0.25420.1
MinimumVisualStudioVersion = 10.0.40219.1
Project("{8BC9CEB8-8B4A-11D0-8D11-00A0C91BC942}") = "barony_test", "Barony\barony.vcxproj", "{A4A170FF-C081-4F33-94FE-5C60E89C5990}"
EndProject
Project("{8BC9CEB8-8B4A-11D0-8D11-00A0C91BC942}") = "editor", "editor\editor.vcxproj", "{8D0CEB30-DFEC-462D-B107-1EA02D317151}"
EndProject
Global
	GlobalSection(Performance) = preSolution
		HasPerformanceSessions = true
	EndGlobalSection
	GlobalSection(SolutionConfigurationPlatforms) = preSolution
		Debug|Win32 = Debug|Win32
		Release|Win32 = Release|Win32
	EndGlobalSection
	GlobalSection(ProjectConfigurationPlatforms) = postSolution
		{A4A170FF-C081-4F33-94FE-5C60E89C5990}.Debug|Win32.ActiveCfg = Release|Win32
		{A4A170FF-C081-4F33-94FE-5C60E89C5990}.Debug|Win32.Build.0 = Release|Win32
		{A4A170FF-C081-4F33-94FE-5C60E89C5990}.Release|Win32.ActiveCfg = Release|Win32
		{A4A170FF-C081-4F33-94FE-5C60E89C5990}.Release|Win32.Build.0 = Release|Win32
		{8D0CEB30-DFEC-462D-B107-1EA02D317151}.Debug|Win32.ActiveCfg = Release|Win32
		{8D0CEB30-DFEC-462D-B107-1EA02D317151}.Debug|Win32.Build.0 = Release|Win32
		{8D0CEB30-DFEC-462D-B107-1EA02D317151}.Release|Win32.ActiveCfg = Release|Win32
		{8D0CEB30-DFEC-462D-B107-1EA02D317151}.Release|Win32.Build.0 = Release|Win32
	EndGlobalSection
	GlobalSection(SolutionProperties) = preSolution
		HideSolutionNode = FALSE
	EndGlobalSection
EndGlobal
