<?xml version="1.0" encoding="utf-8"?>
<Project ToolsVersion="4.0" xmlns="http://schemas.microsoft.com/developer/msbuild/2003">
  <ItemGroup>
    <Filter Include="Source Files">
      <UniqueIdentifier>{4FC737F1-C7A5-4376-A066-2A32D752A2FF}</UniqueIdentifier>
      <Extensions>cpp;c;cc;cxx;def;odl;idl;hpj;bat;asm;asmx</Extensions>
    </Filter>
    <Filter Include="Header Files">
      <UniqueIdentifier>{93995380-89BD-4b04-88EB-625FBE52EBFB}</UniqueIdentifier>
      <Extensions>h;hh;hpp;hxx;hm;inl;inc;xsd</Extensions>
    </Filter>
    <Filter Include="Resource Files">
      <UniqueIdentifier>{67DA6AB6-F800-4c08-8B7A-83BB121AAD01}</UniqueIdentifier>
      <Extensions>rc;ico;cur;bmp;dlg;rc2;rct;bin;rgs;gif;jpg;jpeg;jpe;resx;tiff;tif;png;wav;mfcribbon-ms</Extensions>
    </Filter>
    <Filter Include="Source Files\magic">
      <UniqueIdentifier>{7c111c26-466a-4386-b1e4-904300599a61}</UniqueIdentifier>
    </Filter>
    <Filter Include="Source Files\interface">
      <UniqueIdentifier>{d6e4aed6-44ca-4503-881c-9df5427e0584}</UniqueIdentifier>
    </Filter>
    <Filter Include="Header Files\interface">
      <UniqueIdentifier>{87a87b9c-7a7d-45ce-8746-787feb8efda8}</UniqueIdentifier>
    </Filter>
    <Filter Include="Header Files\magic">
      <UniqueIdentifier>{5ce20eb0-535b-4a46-9704-0d24d2b92063}</UniqueIdentifier>
    </Filter>
    <Filter Include="Header Files\ui">
      <UniqueIdentifier>{b1640925-ba82-4c08-95d2-66512ed34056}</UniqueIdentifier>
    </Filter>
    <Filter Include="Source Files\ui">
      <UniqueIdentifier>{cadc4882-2871-48a0-bc71-392336c3c58c}</UniqueIdentifier>
    </Filter>
    <Filter Include="Header Files\engine">
      <UniqueIdentifier>{3295600d-eb9c-4224-9ba9-69535dea2994}</UniqueIdentifier>
    </Filter>
    <Filter Include="Header Files\engine\audio">
      <UniqueIdentifier>{f384f564-40c1-43d0-b50c-38489f82c07c}</UniqueIdentifier>
    </Filter>
    <Filter Include="Source Files\engine">
      <UniqueIdentifier>{96438556-c008-4539-aaf1-6fbb73e34b5c}</UniqueIdentifier>
    </Filter>
    <Filter Include="Source Files\engine\audio">
      <UniqueIdentifier>{c52b06e4-fd42-4bf6-9f24-3a747e841cab}</UniqueIdentifier>
    </Filter>
    <Filter Include="Source Files\imgui">
      <UniqueIdentifier>{0259fbef-0f26-4925-b7b1-08639111a69b}</UniqueIdentifier>
    </Filter>
    <Filter Include="Header Files\imgui">
      <UniqueIdentifier>{0fe96c5c-85fb-48ef-a9a3-a6b0a97788fd}</UniqueIdentifier>
    </Filter>
  </ItemGroup>
  <ItemGroup>
    <ClCompile Include="..\..\src\actarrow.cpp">
      <Filter>Source Files</Filter>
    </ClCompile>
    <ClCompile Include="..\..\src\actarrowtrap.cpp">
      <Filter>Source Files</Filter>
    </ClCompile>
    <ClCompile Include="..\..\src\actbeartrap.cpp">
      <Filter>Source Files</Filter>
    </ClCompile>
    <ClCompile Include="..\..\src\actboulder.cpp">
      <Filter>Source Files</Filter>
    </ClCompile>
    <ClCompile Include="..\..\src\actcampfire.cpp">
      <Filter>Source Files</Filter>
    </ClCompile>
    <ClCompile Include="..\..\src\actchest.cpp">
      <Filter>Source Files</Filter>
    </ClCompile>
    <ClCompile Include="..\..\src\actdoor.cpp">
      <Filter>Source Files</Filter>
    </ClCompile>
    <ClCompile Include="..\..\src\actflame.cpp">
      <Filter>Source Files</Filter>
    </ClCompile>
    <ClCompile Include="..\..\src\actfountain.cpp">
      <Filter>Source Files</Filter>
    </ClCompile>
    <ClCompile Include="..\..\src\actgate.cpp">
      <Filter>Source Files</Filter>
    </ClCompile>
    <ClCompile Include="..\..\src\actgeneral.cpp">
      <Filter>Source Files</Filter>
    </ClCompile>
    <ClCompile Include="..\..\src\actgib.cpp">
      <Filter>Source Files</Filter>
    </ClCompile>
    <ClCompile Include="..\..\src\actgold.cpp">
      <Filter>Source Files</Filter>
    </ClCompile>
    <ClCompile Include="..\..\src\actheadstone.cpp">
      <Filter>Source Files</Filter>
    </ClCompile>
    <ClCompile Include="..\..\src\acthudweapon.cpp">
      <Filter>Source Files</Filter>
    </ClCompile>
    <ClCompile Include="..\..\src\actitem.cpp">
      <Filter>Source Files</Filter>
    </ClCompile>
    <ClCompile Include="..\..\src\actladder.cpp">
      <Filter>Source Files</Filter>
    </ClCompile>
    <ClCompile Include="..\..\src\actmonster.cpp">
      <Filter>Source Files</Filter>
    </ClCompile>
    <ClCompile Include="..\..\src\actplayer.cpp">
      <Filter>Source Files</Filter>
    </ClCompile>
    <ClCompile Include="..\..\src\actsink.cpp">
      <Filter>Source Files</Filter>
    </ClCompile>
    <ClCompile Include="..\..\src\actspeartrap.cpp">
      <Filter>Source Files</Filter>
    </ClCompile>
    <ClCompile Include="..\..\src\actsprite.cpp">
      <Filter>Source Files</Filter>
    </ClCompile>
    <ClCompile Include="..\..\src\actthrown.cpp">
      <Filter>Source Files</Filter>
    </ClCompile>
    <ClCompile Include="..\..\src\acttorch.cpp">
      <Filter>Source Files</Filter>
    </ClCompile>
    <ClCompile Include="..\..\src\actwallbuster.cpp">
      <Filter>Source Files</Filter>
    </ClCompile>
    <ClCompile Include="..\..\src\book.cpp">
      <Filter>Source Files</Filter>
    </ClCompile>
    <ClCompile Include="..\..\src\charclass.cpp">
      <Filter>Source Files</Filter>
    </ClCompile>
    <ClCompile Include="..\..\src\collision.cpp">
      <Filter>Source Files</Filter>
    </ClCompile>
    <ClCompile Include="..\..\src\draw.cpp">
      <Filter>Source Files</Filter>
    </ClCompile>
    <ClCompile Include="..\..\src\entity.cpp">
      <Filter>Source Files</Filter>
    </ClCompile>
    <ClCompile Include="..\..\src\files.cpp">
      <Filter>Source Files</Filter>
    </ClCompile>
    <ClCompile Include="..\..\src\game.cpp">
      <Filter>Source Files</Filter>
    </ClCompile>
    <ClCompile Include="..\..\src\init.cpp">
      <Filter>Source Files</Filter>
    </ClCompile>
    <ClCompile Include="..\..\src\init_game.cpp">
      <Filter>Source Files</Filter>
    </ClCompile>
    <ClCompile Include="..\..\src\items.cpp">
      <Filter>Source Files</Filter>
    </ClCompile>
    <ClCompile Include="..\..\src\item_usage_funcs.cpp">
      <Filter>Source Files</Filter>
    </ClCompile>
    <ClCompile Include="..\..\src\light.cpp">
      <Filter>Source Files</Filter>
    </ClCompile>
    <ClCompile Include="..\..\src\list.cpp">
      <Filter>Source Files</Filter>
    </ClCompile>
    <ClCompile Include="..\..\src\main.cpp">
      <Filter>Source Files</Filter>
    </ClCompile>
    <ClCompile Include="..\..\src\maps.cpp">
      <Filter>Source Files</Filter>
    </ClCompile>
    <ClCompile Include="..\..\src\mechanisms.cpp">
      <Filter>Source Files</Filter>
    </ClCompile>
    <ClCompile Include="..\..\src\menu.cpp">
      <Filter>Source Files</Filter>
    </ClCompile>
    <ClCompile Include="..\..\src\messages.cpp">
      <Filter>Source Files</Filter>
    </ClCompile>
    <ClCompile Include="..\..\src\monster_demon.cpp">
      <Filter>Source Files</Filter>
    </ClCompile>
    <ClCompile Include="..\..\src\monster_devil.cpp">
      <Filter>Source Files</Filter>
    </ClCompile>
    <ClCompile Include="..\..\src\monster_ghoul.cpp">
      <Filter>Source Files</Filter>
    </ClCompile>
    <ClCompile Include="..\..\src\monster_gnome.cpp">
      <Filter>Source Files</Filter>
    </ClCompile>
    <ClCompile Include="..\..\src\monster_goblin.cpp">
      <Filter>Source Files</Filter>
    </ClCompile>
    <ClCompile Include="..\..\src\monster_human.cpp">
      <Filter>Source Files</Filter>
    </ClCompile>
    <ClCompile Include="..\..\src\monster_imp.cpp">
      <Filter>Source Files</Filter>
    </ClCompile>
    <ClCompile Include="..\..\src\monster_lich.cpp">
      <Filter>Source Files</Filter>
    </ClCompile>
    <ClCompile Include="..\..\src\monster_minotaur.cpp">
      <Filter>Source Files</Filter>
    </ClCompile>
    <ClCompile Include="..\..\src\monster_rat.cpp">
      <Filter>Source Files</Filter>
    </ClCompile>
    <ClCompile Include="..\..\src\monster_scorpion.cpp">
      <Filter>Source Files</Filter>
    </ClCompile>
    <ClCompile Include="..\..\src\monster_shopkeeper.cpp">
      <Filter>Source Files</Filter>
    </ClCompile>
    <ClCompile Include="..\..\src\monster_skeleton.cpp">
      <Filter>Source Files</Filter>
    </ClCompile>
    <ClCompile Include="..\..\src\monster_slime.cpp">
      <Filter>Source Files</Filter>
    </ClCompile>
    <ClCompile Include="..\..\src\monster_spider.cpp">
      <Filter>Source Files</Filter>
    </ClCompile>
    <ClCompile Include="..\..\src\monster_succubus.cpp">
      <Filter>Source Files</Filter>
    </ClCompile>
    <ClCompile Include="..\..\src\monster_troll.cpp">
      <Filter>Source Files</Filter>
    </ClCompile>
    <ClCompile Include="..\..\src\net.cpp">
      <Filter>Source Files</Filter>
    </ClCompile>
    <ClCompile Include="..\..\src\objects.cpp">
      <Filter>Source Files</Filter>
    </ClCompile>
    <ClCompile Include="..\..\src\opengl.cpp">
      <Filter>Source Files</Filter>
    </ClCompile>
    <ClCompile Include="..\..\src\paths.cpp">
      <Filter>Source Files</Filter>
    </ClCompile>
    <ClCompile Include="..\..\src\prng.cpp">
      <Filter>Source Files</Filter>
    </ClCompile>
    <ClCompile Include="..\..\src\savepng.cpp">
      <Filter>Source Files</Filter>
    </ClCompile>
    <ClCompile Include="..\..\src\scores.cpp">
      <Filter>Source Files</Filter>
    </ClCompile>
    <ClCompile Include="..\..\src\shops.cpp">
      <Filter>Source Files</Filter>
    </ClCompile>
    <ClCompile Include="..\..\src\stat.cpp">
      <Filter>Source Files</Filter>
    </ClCompile>
    <ClCompile Include="..\..\src\steam.cpp">
      <Filter>Source Files</Filter>
    </ClCompile>
    <ClCompile Include="..\..\src\hash.cpp">
      <Filter>Source Files</Filter>
    </ClCompile>
    <ClCompile Include="..\..\src\player.cpp">
      <Filter>Source Files</Filter>
    </ClCompile>
    <ClCompile Include="..\..\src\magic\act_HandMagic.cpp">
      <Filter>Source Files\magic</Filter>
    </ClCompile>
    <ClCompile Include="..\..\src\interface\bookgui.cpp">
      <Filter>Source Files\interface</Filter>
    </ClCompile>
    <ClCompile Include="..\..\src\interface\clickdescription.cpp">
      <Filter>Source Files\interface</Filter>
    </ClCompile>
    <ClCompile Include="..\..\src\interface\consolecommand.cpp">
      <Filter>Source Files\interface</Filter>
    </ClCompile>
    <ClCompile Include="..\..\src\interface\drawminimap.cpp">
      <Filter>Source Files\interface</Filter>
    </ClCompile>
    <ClCompile Include="..\..\src\interface\drawstatus.cpp">
      <Filter>Source Files\interface</Filter>
    </ClCompile>
    <ClCompile Include="..\..\src\interface\identify_and_appraise.cpp">
      <Filter>Source Files\interface</Filter>
    </ClCompile>
    <ClCompile Include="..\..\src\interface\interface.cpp">
      <Filter>Source Files\interface</Filter>
    </ClCompile>
    <ClCompile Include="..\..\src\interface\magicgui.cpp">
      <Filter>Source Files\interface</Filter>
    </ClCompile>
    <ClCompile Include="..\..\src\interface\playerinventory.cpp">
      <Filter>Source Files\interface</Filter>
    </ClCompile>
    <ClCompile Include="..\..\src\interface\removecurse.cpp">
      <Filter>Source Files\interface</Filter>
    </ClCompile>
    <ClCompile Include="..\..\src\interface\screenshot.cpp">
      <Filter>Source Files\interface</Filter>
    </ClCompile>
    <ClCompile Include="..\..\src\interface\shopgui.cpp">
      <Filter>Source Files\interface</Filter>
    </ClCompile>
    <ClCompile Include="..\..\src\interface\updatecharactersheet.cpp">
      <Filter>Source Files\interface</Filter>
    </ClCompile>
    <ClCompile Include="..\..\src\interface\updatechestinventory.cpp">
      <Filter>Source Files\interface</Filter>
    </ClCompile>
    <ClCompile Include="..\..\src\interface\updaterightsidebar.cpp">
      <Filter>Source Files\interface</Filter>
    </ClCompile>
    <ClCompile Include="..\..\src\magic\actmagic.cpp">
      <Filter>Source Files\magic</Filter>
    </ClCompile>
    <ClCompile Include="..\..\src\magic\castSpell.cpp">
      <Filter>Source Files\magic</Filter>
    </ClCompile>
    <ClCompile Include="..\..\src\magic\magic.cpp">
      <Filter>Source Files\magic</Filter>
    </ClCompile>
    <ClCompile Include="..\..\src\magic\setupSpells.cpp">
      <Filter>Source Files\magic</Filter>
    </ClCompile>
    <ClCompile Include="..\..\src\magic\spell.cpp">
      <Filter>Source Files\magic</Filter>
    </ClCompile>
    <ClCompile Include="..\..\src\actpowercrystal.cpp">
      <Filter>Source Files</Filter>
    </ClCompile>
    <ClCompile Include="..\..\src\actsummontrap.cpp">
      <Filter>Source Files</Filter>
    </ClCompile>
    <ClCompile Include="..\..\src\entity_shared.cpp">
      <Filter>Source Files</Filter>
    </ClCompile>
    <ClCompile Include="..\..\src\monster_automaton.cpp">
      <Filter>Source Files</Filter>
    </ClCompile>
    <ClCompile Include="..\..\src\monster_cockatrice.cpp">
      <Filter>Source Files</Filter>
    </ClCompile>
    <ClCompile Include="..\..\src\monster_crystalgolem.cpp">
      <Filter>Source Files</Filter>
    </ClCompile>
    <ClCompile Include="..\..\src\monster_goatman.cpp">
      <Filter>Source Files</Filter>
    </ClCompile>
    <ClCompile Include="..\..\src\monster_incubus.cpp">
      <Filter>Source Files</Filter>
    </ClCompile>
    <ClCompile Include="..\..\src\monster_insectoid.cpp">
      <Filter>Source Files</Filter>
    </ClCompile>
    <ClCompile Include="..\..\src\monster_kobold.cpp">
      <Filter>Source Files</Filter>
    </ClCompile>
    <ClCompile Include="..\..\src\monster_scarab.cpp">
      <Filter>Source Files</Filter>
    </ClCompile>
    <ClCompile Include="..\..\src\monster_shadow.cpp">
      <Filter>Source Files</Filter>
    </ClCompile>
    <ClCompile Include="..\..\src\monster_shared.cpp">
      <Filter>Source Files</Filter>
    </ClCompile>
    <ClCompile Include="..\..\src\monster_vampire.cpp">
      <Filter>Source Files</Filter>
    </ClCompile>
    <ClCompile Include="..\..\src\stat_shared.cpp">
      <Filter>Source Files</Filter>
    </ClCompile>
    <ClCompile Include="..\..\src\monster_lichfire.cpp">
      <Filter>Source Files</Filter>
    </ClCompile>
    <ClCompile Include="..\..\src\monster_lichice.cpp">
      <Filter>Source Files</Filter>
    </ClCompile>
    <ClCompile Include="..\..\src\item_tool.cpp">
      <Filter>Source Files</Filter>
    </ClCompile>
    <ClCompile Include="..\..\src\actpedestal.cpp">
      <Filter>Source Files</Filter>
    </ClCompile>
    <ClCompile Include="..\..\src\actteleporter.cpp">
      <Filter>Source Files</Filter>
    </ClCompile>
    <ClCompile Include="..\..\src\actmagictrap.cpp">
      <Filter>Source Files</Filter>
    </ClCompile>
    <ClCompile Include="..\..\src\steam_shared.cpp">
      <Filter>Source Files</Filter>
    </ClCompile>
    <ClCompile Include="..\..\src\monster_sentrybot.cpp">
      <Filter>Source Files</Filter>
    </ClCompile>
    <ClCompile Include="..\..\src\json.cpp">
      <Filter>Source Files</Filter>
    </ClCompile>
    <ClCompile Include="..\..\src\eos.cpp">
      <Filter>Source Files</Filter>
    </ClCompile>
    <ClCompile Include="..\..\src\mod_tools.cpp">
      <Filter>Source Files</Filter>
    </ClCompile>
    <ClCompile Include="..\..\src\interface\ui_general.cpp">
      <Filter>Source Files\interface</Filter>
    </ClCompile>
    <ClCompile Include="..\..\src\lobbies.cpp">
      <Filter>Source Files</Filter>
    </ClCompile>
    <ClCompile Include="..\..\src\ui\Button.cpp">
      <Filter>Source Files\ui</Filter>
    </ClCompile>
    <ClCompile Include="..\..\src\ui\Field.cpp">
      <Filter>Source Files\ui</Filter>
    </ClCompile>
    <ClCompile Include="..\..\src\ui\Font.cpp">
      <Filter>Source Files\ui</Filter>
    </ClCompile>
    <ClCompile Include="..\..\src\ui\Frame.cpp">
      <Filter>Source Files\ui</Filter>
    </ClCompile>
    <ClCompile Include="..\..\src\ui\Image.cpp">
      <Filter>Source Files\ui</Filter>
    </ClCompile>
    <ClCompile Include="..\..\src\ui\Slider.cpp">
      <Filter>Source Files\ui</Filter>
    </ClCompile>
    <ClCompile Include="..\..\src\ui\Text.cpp">
      <Filter>Source Files\ui</Filter>
    </ClCompile>
    <ClCompile Include="..\..\src\ui\Widget.cpp">
      <Filter>Source Files\ui</Filter>
    </ClCompile>
    <ClCompile Include="..\..\src\ui\GameUI.cpp">
      <Filter>Source Files\ui</Filter>
    </ClCompile>
    <ClCompile Include="..\..\src\engine\audio\music.cpp">
      <Filter>Source Files\engine\audio</Filter>
    </ClCompile>
    <ClCompile Include="..\..\src\engine\audio\sound.cpp">
      <Filter>Source Files\engine\audio</Filter>
    </ClCompile>
    <ClCompile Include="..\..\src\engine\audio\sound_game.cpp">
      <Filter>Source Files\engine\audio</Filter>
    </ClCompile>
    <ClCompile Include="..\..\src\engine\audio\defines.cpp">
      <Filter>Source Files\engine\audio</Filter>
    </ClCompile>
    <ClCompile Include="..\..\src\ui\LoadingScreen.cpp">
      <Filter>Source Files\ui</Filter>
    </ClCompile>
    <ClCompile Include="..\..\src\ui\MainMenu.cpp">
      <Filter>Source Files\ui</Filter>
    </ClCompile>
    <ClCompile Include="..\..\src\input.cpp">
      <Filter>Source Files</Filter>
    </ClCompile>
    <ClCompile Include="..\..\src\imgui\imgui.cpp">
      <Filter>Source Files\imgui</Filter>
    </ClCompile>
    <ClCompile Include="..\..\src\imgui\imgui_demo.cpp">
      <Filter>Source Files\imgui</Filter>
    </ClCompile>
    <ClCompile Include="..\..\src\imgui\imgui_draw.cpp">
      <Filter>Source Files\imgui</Filter>
    </ClCompile>
    <ClCompile Include="..\..\src\imgui\imgui_impl_opengl3.cpp">
      <Filter>Source Files\imgui</Filter>
    </ClCompile>
    <ClCompile Include="..\..\src\imgui\imgui_impl_sdl.cpp">
      <Filter>Source Files\imgui</Filter>
    </ClCompile>
    <ClCompile Include="..\..\src\imgui\imgui_tables.cpp">
      <Filter>Source Files\imgui</Filter>
    </ClCompile>
    <ClCompile Include="..\..\src\imgui\imgui_widgets.cpp">
      <Filter>Source Files\imgui</Filter>
    </ClCompile>
    <ClCompile Include="..\..\src\shader.cpp">
      <Filter>Source Files</Filter>
    </ClCompile>
    <ClCompile Include="..\..\src\engine\audio\init_audio.cpp">
      <Filter>Source Files\engine\audio</Filter>
    </ClCompile>
    <ClCompile Include="..\..\src\playfab.cpp">
      <Filter>Source Files</Filter>
    </ClCompile>
    <ClCompile Include="..\..\src\monster_mimic.cpp">
      <Filter>Source Files</Filter>
    </ClCompile>
    <ClCompile Include="..\..\src\monster_bat.cpp">
      <Filter>Source Files</Filter>
    </ClCompile>
    <ClCompile Include="..\..\src\monster_bugbear.cpp">
      <Filter>Source Files</Filter>
    </ClCompile>
  </ItemGroup>
  <ItemGroup>
    <ClInclude Include="..\..\src\book.hpp">
      <Filter>Header Files</Filter>
    </ClInclude>
    <ClInclude Include="..\..\src\classdescriptions.hpp">
      <Filter>Header Files</Filter>
    </ClInclude>
    <ClInclude Include="..\..\src\credits.hpp">
      <Filter>Header Files</Filter>
    </ClInclude>
    <ClInclude Include="..\..\src\entity.hpp">
      <Filter>Header Files</Filter>
    </ClInclude>
    <ClInclude Include="..\..\src\game.hpp">
      <Filter>Header Files</Filter>
    </ClInclude>
    <ClInclude Include="..\..\src\items.hpp">
      <Filter>Header Files</Filter>
    </ClInclude>
    <ClInclude Include="..\..\src\main.hpp">
      <Filter>Header Files</Filter>
    </ClInclude>
    <ClInclude Include="..\..\src\menu.hpp">
      <Filter>Header Files</Filter>
    </ClInclude>
    <ClInclude Include="..\..\src\messages.hpp">
      <Filter>Header Files</Filter>
    </ClInclude>
    <ClInclude Include="..\..\src\monster.hpp">
      <Filter>Header Files</Filter>
    </ClInclude>
    <ClInclude Include="..\..\src\net.hpp">
      <Filter>Header Files</Filter>
    </ClInclude>
    <ClInclude Include="..\..\src\prng.hpp">
      <Filter>Header Files</Filter>
    </ClInclude>
    <ClInclude Include="..\..\src\savepng.hpp">
      <Filter>Header Files</Filter>
    </ClInclude>
    <ClInclude Include="..\..\src\scores.hpp">
      <Filter>Header Files</Filter>
    </ClInclude>
    <ClInclude Include="..\..\src\scrolls.hpp">
      <Filter>Header Files</Filter>
    </ClInclude>
    <ClInclude Include="..\..\src\shops.hpp">
      <Filter>Header Files</Filter>
    </ClInclude>
    <ClInclude Include="..\..\src\stat.hpp">
      <Filter>Header Files</Filter>
    </ClInclude>
    <ClInclude Include="..\..\src\steam.hpp">
      <Filter>Header Files</Filter>
    </ClInclude>
    <ClInclude Include="..\..\VS-includes\Config.hpp">
      <Filter>Header Files</Filter>
    </ClInclude>
    <ClInclude Include="..\..\src\player.hpp">
      <Filter>Header Files</Filter>
    </ClInclude>
    <ClInclude Include="..\..\src\interface\interface.hpp">
      <Filter>Header Files\interface</Filter>
    </ClInclude>
    <ClInclude Include="..\..\src\magic\magic.hpp">
      <Filter>Header Files\magic</Filter>
    </ClInclude>
    <ClInclude Include="..\..\src\cppfuncs.hpp">
      <Filter>Header Files</Filter>
    </ClInclude>
    <ClInclude Include="..\..\src\json.hpp">
      <Filter>Header Files</Filter>
    </ClInclude>
    <ClInclude Include="..\..\src\charclass.hpp">
      <Filter>Header Files</Filter>
    </ClInclude>
    <ClInclude Include="..\..\src\eos.hpp">
      <Filter>Header Files</Filter>
    </ClInclude>
    <ClInclude Include="..\..\src\mod_tools.hpp">
      <Filter>Header Files</Filter>
    </ClInclude>
    <ClInclude Include="..\..\src\interface\ui.hpp">
      <Filter>Header Files\interface</Filter>
    </ClInclude>
    <ClInclude Include="..\..\src\lobbies.hpp">
      <Filter>Header Files</Filter>
    </ClInclude>
    <ClInclude Include="..\..\src\UnicodeDecoder.h">
      <Filter>Header Files</Filter>
    </ClInclude>
    <ClInclude Include="..\..\src\ui\Button.hpp">
      <Filter>Header Files\ui</Filter>
    </ClInclude>
    <ClInclude Include="..\..\src\ui\Field.hpp">
      <Filter>Header Files\ui</Filter>
    </ClInclude>
    <ClInclude Include="..\..\src\ui\Font.hpp">
      <Filter>Header Files\ui</Filter>
    </ClInclude>
    <ClInclude Include="..\..\src\ui\Frame.hpp">
      <Filter>Header Files\ui</Filter>
    </ClInclude>
    <ClInclude Include="..\..\src\ui\Image.hpp">
      <Filter>Header Files\ui</Filter>
    </ClInclude>
    <ClInclude Include="..\..\src\ui\Slider.hpp">
      <Filter>Header Files\ui</Filter>
    </ClInclude>
    <ClInclude Include="..\..\src\ui\Text.hpp">
      <Filter>Header Files\ui</Filter>
    </ClInclude>
    <ClInclude Include="..\..\src\ui\Widget.hpp">
      <Filter>Header Files\ui</Filter>
    </ClInclude>
    <ClInclude Include="..\..\src\engine\filepc.hpp">
      <Filter>Header Files\engine</Filter>
    </ClInclude>
    <ClInclude Include="..\..\src\ui\GameUI.hpp">
      <Filter>Header Files\ui</Filter>
    </ClInclude>
    <ClInclude Include="..\..\src\engine\audio\music_pc.hpp">
      <Filter>Header Files\engine\audio</Filter>
    </ClInclude>
    <ClInclude Include="..\..\src\engine\audio\sound.hpp">
      <Filter>Header Files\engine\audio</Filter>
    </ClInclude>
    <ClInclude Include="..\..\src\ui\LoadingScreen.hpp">
      <Filter>Header Files\ui</Filter>
    </ClInclude>
    <ClInclude Include="..\..\src\ui\MainMenu.hpp">
      <Filter>Header Files\ui</Filter>
    </ClInclude>
    <ClInclude Include="..\..\src\input.hpp">
      <Filter>Header Files</Filter>
    </ClInclude>
    <ClInclude Include="..\..\src\interface\consolecommand.hpp">
      <Filter>Header Files\interface</Filter>
    </ClInclude>
    <ClInclude Include="..\..\src\init.hpp">
      <Filter>Header Files</Filter>
    </ClInclude>
    <ClInclude Include="..\..\src\imgui\imconfig.h">
      <Filter>Header Files\imgui</Filter>
    </ClInclude>
    <ClInclude Include="..\..\src\imgui\imgui.h">
      <Filter>Header Files\imgui</Filter>
    </ClInclude>
    <ClInclude Include="..\..\src\imgui\imgui_impl_opengl2.h">
      <Filter>Header Files\imgui</Filter>
    </ClInclude>
    <ClInclude Include="..\..\src\imgui\imgui_impl_opengl3.h">
      <Filter>Header Files\imgui</Filter>
    </ClInclude>
    <ClInclude Include="..\..\src\imgui\imgui_impl_opengl3_loader.h">
      <Filter>Header Files\imgui</Filter>
    </ClInclude>
    <ClInclude Include="..\..\src\imgui\imgui_impl_sdl.h">
      <Filter>Header Files\imgui</Filter>
    </ClInclude>
    <ClInclude Include="..\..\src\imgui\imgui_internal.h">
      <Filter>Header Files\imgui</Filter>
    </ClInclude>
    <ClInclude Include="..\..\src\imgui\imstb_rectpack.h">
      <Filter>Header Files\imgui</Filter>
    </ClInclude>
    <ClInclude Include="..\..\src\imgui\imstb_textedit.h">
      <Filter>Header Files\imgui</Filter>
    </ClInclude>
    <ClInclude Include="..\..\src\imgui\imstb_truetype.h">
      <Filter>Header Files\imgui</Filter>
    </ClInclude>
    <ClInclude Include="..\..\src\shader.hpp">
      <Filter>Header Files</Filter>
    </ClInclude>
    <ClInclude Include="..\..\src\playfab.hpp">
      <Filter>Header Files</Filter>
    </ClInclude>
    <ClInclude Include="..\..\src\draw.hpp">
      <Filter>Header Files</Filter>
    </ClInclude>
  </ItemGroup>
  <ItemGroup>
    <Image Include="..\..\src\game.ico">
      <Filter>Resource Files</Filter>
    </Image>
  </ItemGroup>
  <ItemGroup>
    <ResourceCompile Include="..\..\src\wingameicon.rc">
      <Filter>Resource Files</Filter>
    </ResourceCompile>
  </ItemGroup>
</Project>