<?xml version="1.0" encoding="utf-8"?>
<Project ToolsVersion="4.0" xmlns="http://schemas.microsoft.com/developer/msbuild/2003">
  <ItemGroup>
    <Filter Include="Source Files">
      <UniqueIdentifier>{4FC737F1-C7A5-4376-A066-2A32D752A2FF}</UniqueIdentifier>
      <Extensions>cpp;c;cc;cxx;def;odl;idl;hpj;bat;asm;asmx</Extensions>
    </Filter>
    <Filter Include="Header Files">
      <UniqueIdentifier>{93995380-89BD-4b04-88EB-625FBE52EBFB}</UniqueIdentifier>
      <Extensions>h;hh;hpp;hxx;hm;inl;inc;xsd</Extensions>
    </Filter>
    <Filter Include="Resource Files">
      <UniqueIdentifier>{67DA6AB6-F800-4c08-8B7A-83BB121AAD01}</UniqueIdentifier>
      <Extensions>rc;ico;cur;bmp;dlg;rc2;rct;bin;rgs;gif;jpg;jpeg;jpe;resx;tiff;tif;png;wav;mfcribbon-ms</Extensions>
    </Filter>
    <Filter Include="Header Files\engine">
      <UniqueIdentifier>{b1d9a03e-5cbd-4b42-a148-70899e00bacd}</UniqueIdentifier>
    </Filter>
    <Filter Include="Header Files\engine\audio">
      <UniqueIdentifier>{6438c88f-18f9-418c-a62d-15988107541c}</UniqueIdentifier>
    </Filter>
    <Filter Include="Header Files\ui">
      <UniqueIdentifier>{4b1cb64c-9162-4527-b703-a78e63fb01ec}</UniqueIdentifier>
    </Filter>
    <Filter Include="Source Files\ui">
      <UniqueIdentifier>{7b21925a-4390-473e-bc3e-80d98e0b438f}</UniqueIdentifier>
    </Filter>
    <Filter Include="Source Files\engine">
      <UniqueIdentifier>{5d9c1934-df28-436e-bb1c-d09d65265e1e}</UniqueIdentifier>
    </Filter>
    <Filter Include="Source Files\engine\audio">
      <UniqueIdentifier>{aedb0d5a-663c-41f9-ad02-bc5141dcb2b0}</UniqueIdentifier>
    </Filter>
  </ItemGroup>
  <ItemGroup>
    <ClInclude Include="..\..\src\editor.hpp">
      <Filter>Header Files</Filter>
    </ClInclude>
    <ClInclude Include="..\..\src\entity.hpp">
      <Filter>Header Files</Filter>
    </ClInclude>
    <ClInclude Include="..\..\src\main.hpp">
      <Filter>Header Files</Filter>
    </ClInclude>
    <ClInclude Include="..\..\src\savepng.hpp">
      <Filter>Header Files</Filter>
    </ClInclude>
    <ClInclude Include="..\..\VS-includes\Config.hpp">
      <Filter>Header Files</Filter>
    </ClInclude>
    <ClInclude Include="..\..\src\stat_editor.hpp">
      <Filter>Header Files</Filter>
    </ClInclude>
    <ClInclude Include="..\..\src\steam.hpp">
      <Filter>Header Files</Filter>
    </ClInclude>
    <ClInclude Include="..\..\src\mod_tools.hpp">
      <Filter>Header Files</Filter>
    </ClInclude>
    <ClInclude Include="..\..\src\engine\audio\sound.hpp">
      <Filter>Header Files\engine\audio</Filter>
    </ClInclude>
    <ClInclude Include="..\..\src\ui\Button.hpp">
      <Filter>Header Files\ui</Filter>
    </ClInclude>
    <ClInclude Include="..\..\src\ui\Field.hpp">
      <Filter>Header Files\ui</Filter>
    </ClInclude>
    <ClInclude Include="..\..\src\ui\Font.hpp">
      <Filter>Header Files\ui</Filter>
    </ClInclude>
    <ClInclude Include="..\..\src\ui\Frame.hpp">
      <Filter>Header Files\ui</Filter>
    </ClInclude>
    <ClInclude Include="..\..\src\ui\Image.hpp">
      <Filter>Header Files\ui</Filter>
    </ClInclude>
    <ClInclude Include="..\..\src\ui\Slider.hpp">
      <Filter>Header Files\ui</Filter>
    </ClInclude>
    <ClInclude Include="..\..\src\ui\Text.hpp">
      <Filter>Header Files\ui</Filter>
    </ClInclude>
    <ClInclude Include="..\..\src\ui\Widget.hpp">
      <Filter>Header Files\ui</Filter>
    </ClInclude>
    <ClInclude Include="..\..\src\ui\GameUI.hpp">
      <Filter>Header Files\ui</Filter>
    </ClInclude>
    <ClInclude Include="..\..\src\ui\LoadingScreen.hpp">
      <Filter>Header Files\ui</Filter>
    </ClInclude>
    <ClInclude Include="..\..\src\engine\audio\music_pc.hpp">
      <Filter>Header Files\engine\audio</Filter>
    </ClInclude>
  </ItemGroup>
  <ItemGroup>
    <ClCompile Include="..\..\src\buttons.cpp">
      <Filter>Source Files</Filter>
    </ClCompile>
    <ClCompile Include="..\..\src\cursors.cpp">
      <Filter>Source Files</Filter>
    </ClCompile>
    <ClCompile Include="..\..\src\draw.cpp">
      <Filter>Source Files</Filter>
    </ClCompile>
    <ClCompile Include="..\..\src\editor.cpp">
      <Filter>Source Files</Filter>
    </ClCompile>
    <ClCompile Include="..\..\src\files.cpp">
      <Filter>Source Files</Filter>
    </ClCompile>
    <ClCompile Include="..\..\src\init.cpp">
      <Filter>Source Files</Filter>
    </ClCompile>
    <ClCompile Include="..\..\src\light.cpp">
      <Filter>Source Files</Filter>
    </ClCompile>
    <ClCompile Include="..\..\src\list.cpp">
      <Filter>Source Files</Filter>
    </ClCompile>
    <ClCompile Include="..\..\src\main.cpp">
      <Filter>Source Files</Filter>
    </ClCompile>
    <ClCompile Include="..\..\src\objects.cpp">
      <Filter>Source Files</Filter>
    </ClCompile>
    <ClCompile Include="..\..\src\opengl.cpp">
      <Filter>Source Files</Filter>
    </ClCompile>
    <ClCompile Include="..\..\src\hash.cpp">
      <Filter>Source Files</Filter>
    </ClCompile>
    <ClCompile Include="..\..\src\entity_editor.cpp">
      <Filter>Source Files</Filter>
    </ClCompile>
    <ClCompile Include="..\..\src\entity_shared.cpp">
      <Filter>Source Files</Filter>
    </ClCompile>
    <ClCompile Include="..\..\src\stat_editor.cpp">
      <Filter>Source Files</Filter>
    </ClCompile>
    <ClCompile Include="..\..\src\stat_shared.cpp">
      <Filter>Source Files</Filter>
    </ClCompile>
    <ClCompile Include="..\..\src\items_editor.cpp">
      <Filter>Source Files</Filter>
    </ClCompile>
    <ClCompile Include="..\..\src\steam_shared.cpp">
      <Filter>Source Files</Filter>
    </ClCompile>
    <ClCompile Include="..\..\src\mod_tools.cpp">
      <Filter>Source Files</Filter>
    </ClCompile>
    <ClCompile Include="..\..\src\ui\Font.cpp">
      <Filter>Source Files\ui</Filter>
    </ClCompile>
    <ClCompile Include="..\..\src\ui\Image.cpp">
      <Filter>Source Files\ui</Filter>
    </ClCompile>
    <ClCompile Include="..\..\src\ui\Text.cpp">
      <Filter>Source Files\ui</Filter>
    </ClCompile>
    <ClCompile Include="..\..\src\engine\audio\defines.cpp">
      <Filter>Source Files\engine\audio</Filter>
    </ClCompile>
    <ClCompile Include="..\..\src\engine\audio\init.cpp">
      <Filter>Source Files\engine\audio</Filter>
    </ClCompile>
    <ClCompile Include="..\..\src\engine\audio\sound.cpp">
      <Filter>Source Files\engine\audio</Filter>
    </ClCompile>
  </ItemGroup>
  <ItemGroup>
    <ResourceCompile Include="..\..\src\wineditoricon.rc">
      <Filter>Resource Files</Filter>
    </ResourceCompile>
  </ItemGroup>
  <ItemGroup>
    <Image Include="..\..\src\editor.ico">
      <Filter>Resource Files</Filter>
    </Image>
  </ItemGroup>
</Project>